
Microsoft Visual Studio Solution File, Format Version 12.00
# Visual Studio 15
VisualStudioVersion = 15.0.26228.4
MinimumVisualStudioVersion = 10.0.40219.1
Project("{FAE04EC0-301F-11D3-BF4B-00C04F79EFBC}") = "WCFassingmentTask2", "WCFassingmentTask2\WCFassingmentTask2.csproj", "{B2049E85-CDBD-4DD0-862A-B959788213E6}"
EndProject
Project("{FAE04EC0-301F-11D3-BF4B-00C04F79EFBC}") = "WCFSimpleCalculator", "WCFSimpleCalculator\WCFSimpleCalculator.csproj", "{736FB2C2-563F-4076-8611-DB3ABBDEF2FE}"
EndProject
Global
	GlobalSection(SolutionConfigurationPlatforms) = preSolution
		Debug|Any CPU = Debug|Any CPU
		Release|Any CPU = Release|Any CPU
	EndGlobalSection
	GlobalSection(ProjectConfigurationPlatforms) = postSolution
		{B2049E85-CDBD-4DD0-862A-B959788213E6}.Debug|Any CPU.ActiveCfg = Debug|Any CPU
		{B2049E85-CDBD-4DD0-862A-B959788213E6}.Debug|Any CPU.Build.0 = Debug|Any CPU
		{B2049E85-CDBD-4DD0-862A-B959788213E6}.Release|Any CPU.ActiveCfg = Release|Any CPU
		{B2049E85-CDBD-4DD0-862A-B959788213E6}.Release|Any CPU.Build.0 = Release|Any CPU
		{736FB2C2-563F-4076-8611-DB3ABBDEF2FE}.Debug|Any CPU.ActiveCfg = Debug|Any CPU
		{736FB2C2-563F-4076-8611-DB3ABBDEF2FE}.Debug|Any CPU.Build.0 = Debug|Any CPU
		{736FB2C2-563F-4076-8611-DB3ABBDEF2FE}.Release|Any CPU.ActiveCfg = Release|Any CPU
		{736FB2C2-563F-4076-8611-DB3ABBDEF2FE}.Release|Any CPU.Build.0 = Release|Any CPU
	EndGlobalSection
	GlobalSection(SolutionProperties) = preSolution
		HideSolutionNode = FALSE
	EndGlobalSection
EndGlobal
